<?xml version="1.0" encoding="utf-8"?>
<Project ToolsVersion="4.0" xmlns="http://schemas.microsoft.com/developer/msbuild/2003">
  <ItemGroup>
    <ClCompile Include="..\Classes\AppDelegate.cpp" />
    <ClCompile Include="..\Classes\BlackHoles.cpp" />
    <ClCompile Include="..\Classes\BlackHolesSingleton.cpp" />
    <ClCompile Include="..\Classes\CollisionComponent.cpp" />
    <ClCompile Include="..\Classes\CollisionDetection.cpp" />
    <ClCompile Include="..\Classes\Enemies.cpp" />
    <ClCompile Include="..\Classes\EnemyBullet.cpp" />
    <ClCompile Include="..\Classes\EnemyMovingState.cpp" />
    <ClCompile Include="..\Classes\EnemyShootingState.cpp" />
    <ClCompile Include="..\Classes\EnemyState.cpp" />
    <ClCompile Include="..\Classes\Game.cpp" />
    <ClCompile Include="..\Classes\GameEntities.cpp" />
    <ClCompile Include="..\Classes\GameEntitiesSingleton.cpp" />
    <ClCompile Include="..\Classes\GrapplingHookBullet.cpp" />
    <ClCompile Include="..\Classes\GunMode.cpp" />
    <ClCompile Include="..\Classes\HookGunMode.cpp" />
    <ClCompile Include="..\Classes\InputDetection.cpp" />
    <ClCompile Include="..\Classes\LargeAsteroid.cpp" />
    <ClCompile Include="..\Classes\Matrix2.cpp" />
    <ClCompile Include="..\Classes\MovementComponent.cpp" />
    <ClCompile Include="..\Classes\NormalGunMode.cpp" />
    <ClCompile Include="..\Classes\ShipBullet.cpp" />
    <ClCompile Include="..\Classes\ShootingEnemy.cpp" />
    <ClCompile Include="..\Classes\SmallAsteroid.cpp" />
    <ClCompile Include="..\Classes\SpaceShip.cpp" />
    <ClCompile Include="..\Classes\SpaceShipHookState.cpp" />
    <ClCompile Include="..\Classes\SpaceShipNormalState.cpp" />
    <ClCompile Include="..\Classes\SpaceShipSpinState.cpp" />
    <ClCompile Include="..\Classes\State.cpp" />
    <ClCompile Include="..\Classes\Vector2.cpp" />
    <ClCompile Include="main.cpp" />
    <ClCompile Include="..\Classes\PowerUps.cpp" />
  </ItemGroup>
  <ItemGroup>
    <ClInclude Include="..\Classes\AppDelegate.h" />
    <ClInclude Include="..\Classes\BlackHoles.h" />
    <ClInclude Include="..\Classes\BlackHolesSingleton.h" />
    <ClInclude Include="..\Classes\CollisionComponent.h" />
    <ClInclude Include="..\Classes\CollisionDetection.h" />
    <ClInclude Include="..\Classes\Enemies.h" />
    <ClInclude Include="..\Classes\EnemyBullet.h" />
    <ClInclude Include="..\Classes\EnemyMovingState.h" />
    <ClInclude Include="..\Classes\EnemyShootingState.h" />
    <ClInclude Include="..\Classes\EnemyState.h" />
    <ClInclude Include="..\Classes\Game.h" />
    <ClInclude Include="..\Classes\GameEntities.h" />
    <ClInclude Include="..\Classes\GameEntitiesSingleton.h" />
    <ClInclude Include="..\Classes\GrapplingHookBullet.h" />
    <ClInclude Include="..\Classes\GunMode.h" />
    <ClInclude Include="..\Classes\HookGunMode.h" />
    <ClInclude Include="..\Classes\InputDetection.h" />
    <ClInclude Include="..\Classes\LargeAsteroid.h" />
    <ClInclude Include="..\Classes\Matrix2.h" />
    <ClInclude Include="..\Classes\MovementComponent.h" />
    <ClInclude Include="..\Classes\NormalGunMode.h" />
    <ClInclude Include="..\Classes\ShipBullet.h" />
    <ClInclude Include="..\Classes\ShootingEnemy.h" />
    <ClInclude Include="..\Classes\SmallAsteroid.h" />
    <ClInclude Include="..\Classes\SpaceShip.h" />
    <ClInclude Include="..\Classes\SpaceShipHookState.h" />
    <ClInclude Include="..\Classes\SpaceShipNormalState.h" />
    <ClInclude Include="..\Classes\SpaceShipSpinState.h" />
    <ClInclude Include="..\Classes\State.h" />
    <ClInclude Include="..\Classes\Vector2.h" />
    <ClInclude Include="main.h" />
    <ClInclude Include="..\Classes\PowerUps.h" />
  </ItemGroup>
  <ItemGroup>
    <ResourceCompile Include="game.rc" />
  </ItemGroup>
</Project>